
Microsoft Visual Studio Solution File, Format Version 12.00
# Visual Studio 15
VisualStudioVersion = 15.0.26124.0
MinimumVisualStudioVersion = 15.0.26124.0
Project("{9A19103F-16F7-4668-BE54-9A1E7A4F7556}") = "Com.App.Web", "Com.App.Web\Com.App.Web.csproj", "{A90E5579-4CAB-460C-9941-855017E4B799}"
EndProject
Project("{9A19103F-16F7-4668-BE54-9A1E7A4F7556}") = "Com.App.Data", "Com.App.Data\Com.App.Data.csproj", "{47BCAAC4-A83E-495A-BD08-D484DFF0083C}"
EndProject
Project("{9A19103F-16F7-4668-BE54-9A1E7A4F7556}") = "Com.App.Common", "Com.App.Common\Com.App.Common.csproj", "{1FE2EC2D-EAD8-4D33-98E6-B3800E8C7B62}"
EndProject
Project("{9A19103F-16F7-4668-BE54-9A1E7A4F7556}") = "Com.App.Model", "Com.App.Model\Com.App.Model.csproj", "{28B7FCA3-9B38-4B30-B10F-E66B13F0F453}"
EndProject
Project("{9A19103F-16F7-4668-BE54-9A1E7A4F7556}") = "Com.App.Bll", "Com.App.Bll\Com.App.Bll.csproj", "{F45B27C2-162E-4EFD-8165-624F0012A1C1}"
EndProject
Project("{9A19103F-16F7-4668-BE54-9A1E7A4F7556}") = "Com.App.IBll", "Com.App.IBll\Com.App.IBll.csproj", "{970133D0-1D10-443F-AC3D-464AADCCE954}"
EndProject
Project("{2150E333-8FDC-42A3-9474-1A3956D46DE8}") = "Solution Items", "Solution Items", "{A19F69AE-73C6-4A55-B022-7E72081FECEC}"
	ProjectSection(SolutionItems) = preProject
		.filenesting.json = .filenesting.json
	EndProjectSection
EndProject
Global
	GlobalSection(SolutionConfigurationPlatforms) = preSolution
		Debug|Any CPU = Debug|Any CPU
		Debug|x64 = Debug|x64
		Debug|x86 = Debug|x86
		Release|Any CPU = Release|Any CPU
		Release|x64 = Release|x64
		Release|x86 = Release|x86
	EndGlobalSection
	GlobalSection(ProjectConfigurationPlatforms) = postSolution
		{A90E5579-4CAB-460C-9941-855017E4B799}.Debug|Any CPU.ActiveCfg = Debug|Any CPU
		{A90E5579-4CAB-460C-9941-855017E4B799}.Debug|Any CPU.Build.0 = Debug|Any CPU
		{A90E5579-4CAB-460C-9941-855017E4B799}.Debug|x64.ActiveCfg = Debug|Any CPU
		{A90E5579-4CAB-460C-9941-855017E4B799}.Debug|x64.Build.0 = Debug|Any CPU
		{A90E5579-4CAB-460C-9941-855017E4B799}.Debug|x86.ActiveCfg = Debug|Any CPU
		{A90E5579-4CAB-460C-9941-855017E4B799}.Debug|x86.Build.0 = Debug|Any CPU
		{A90E5579-4CAB-460C-9941-855017E4B799}.Release|Any CPU.ActiveCfg = Release|Any CPU
		{A90E5579-4CAB-460C-9941-855017E4B799}.Release|Any CPU.Build.0 = Release|Any CPU
		{A90E5579-4CAB-460C-9941-855017E4B799}.Release|x64.ActiveCfg = Release|Any CPU
		{A90E5579-4CAB-460C-9941-855017E4B799}.Release|x64.Build.0 = Release|Any CPU
		{A90E5579-4CAB-460C-9941-855017E4B799}.Release|x86.ActiveCfg = Release|Any CPU
		{A90E5579-4CAB-460C-9941-855017E4B799}.Release|x86.Build.0 = Release|Any CPU
		{47BCAAC4-A83E-495A-BD08-D484DFF0083C}.Debug|Any CPU.ActiveCfg = Debug|Any CPU
		{47BCAAC4-A83E-495A-BD08-D484DFF0083C}.Debug|Any CPU.Build.0 = Debug|Any CPU
		{47BCAAC4-A83E-495A-BD08-D484DFF0083C}.Debug|x64.ActiveCfg = Debug|Any CPU
		{47BCAAC4-A83E-495A-BD08-D484DFF0083C}.Debug|x64.Build.0 = Debug|Any CPU
		{47BCAAC4-A83E-495A-BD08-D484DFF0083C}.Debug|x86.ActiveCfg = Debug|Any CPU
		{47BCAAC4-A83E-495A-BD08-D484DFF0083C}.Debug|x86.Build.0 = Debug|Any CPU
		{47BCAAC4-A83E-495A-BD08-D484DFF0083C}.Release|Any CPU.ActiveCfg = Release|Any CPU
		{47BCAAC4-A83E-495A-BD08-D484DFF0083C}.Release|Any CPU.Build.0 = Release|Any CPU
		{47BCAAC4-A83E-495A-BD08-D484DFF0083C}.Release|x64.ActiveCfg = Release|Any CPU
		{47BCAAC4-A83E-495A-BD08-D484DFF0083C}.Release|x64.Build.0 = Release|Any CPU
		{47BCAAC4-A83E-495A-BD08-D484DFF0083C}.Release|x86.ActiveCfg = Release|Any CPU
		{47BCAAC4-A83E-495A-BD08-D484DFF0083C}.Release|x86.Build.0 = Release|Any CPU
		{1FE2EC2D-EAD8-4D33-98E6-B3800E8C7B62}.Debug|Any CPU.ActiveCfg = Debug|Any CPU
		{1FE2EC2D-EAD8-4D33-98E6-B3800E8C7B62}.Debug|Any CPU.Build.0 = Debug|Any CPU
		{1FE2EC2D-EAD8-4D33-98E6-B3800E8C7B62}.Debug|x64.ActiveCfg = Debug|Any CPU
		{1FE2EC2D-EAD8-4D33-98E6-B3800E8C7B62}.Debug|x64.Build.0 = Debug|Any CPU
		{1FE2EC2D-EAD8-4D33-98E6-B3800E8C7B62}.Debug|x86.ActiveCfg = Debug|Any CPU
		{1FE2EC2D-EAD8-4D33-98E6-B3800E8C7B62}.Debug|x86.Build.0 = Debug|Any CPU
		{1FE2EC2D-EAD8-4D33-98E6-B3800E8C7B62}.Release|Any CPU.ActiveCfg = Release|Any CPU
		{1FE2EC2D-EAD8-4D33-98E6-B3800E8C7B62}.Release|Any CPU.Build.0 = Release|Any CPU
		{1FE2EC2D-EAD8-4D33-98E6-B3800E8C7B62}.Release|x64.ActiveCfg = Release|Any CPU
		{1FE2EC2D-EAD8-4D33-98E6-B3800E8C7B62}.Release|x64.Build.0 = Release|Any CPU
		{1FE2EC2D-EAD8-4D33-98E6-B3800E8C7B62}.Release|x86.ActiveCfg = Release|Any CPU
		{1FE2EC2D-EAD8-4D33-98E6-B3800E8C7B62}.Release|x86.Build.0 = Release|Any CPU
		{28B7FCA3-9B38-4B30-B10F-E66B13F0F453}.Debug|Any CPU.ActiveCfg = Debug|Any CPU
		{28B7FCA3-9B38-4B30-B10F-E66B13F0F453}.Debug|Any CPU.Build.0 = Debug|Any CPU
		{28B7FCA3-9B38-4B30-B10F-E66B13F0F453}.Debug|x64.ActiveCfg = Debug|Any CPU
		{28B7FCA3-9B38-4B30-B10F-E66B13F0F453}.Debug|x64.Build.0 = Debug|Any CPU
		{28B7FCA3-9B38-4B30-B10F-E66B13F0F453}.Debug|x86.ActiveCfg = Debug|Any CPU
		{28B7FCA3-9B38-4B30-B10F-E66B13F0F453}.Debug|x86.Build.0 = Debug|Any CPU
		{28B7FCA3-9B38-4B30-B10F-E66B13F0F453}.Release|Any CPU.ActiveCfg = Release|Any CPU
		{28B7FCA3-9B38-4B30-B10F-E66B13F0F453}.Release|Any CPU.Build.0 = Release|Any CPU
		{28B7FCA3-9B38-4B30-B10F-E66B13F0F453}.Release|x64.ActiveCfg = Release|Any CPU
		{28B7FCA3-9B38-4B30-B10F-E66B13F0F453}.Release|x64.Build.0 = Release|Any CPU
		{28B7FCA3-9B38-4B30-B10F-E66B13F0F453}.Release|x86.ActiveCfg = Release|Any CPU
		{28B7FCA3-9B38-4B30-B10F-E66B13F0F453}.Release|x86.Build.0 = Release|Any CPU
		{F45B27C2-162E-4EFD-8165-624F0012A1C1}.Debug|Any CPU.ActiveCfg = Debug|Any CPU
		{F45B27C2-162E-4EFD-8165-624F0012A1C1}.Debug|Any CPU.Build.0 = Debug|Any CPU
		{F45B27C2-162E-4EFD-8165-624F0012A1C1}.Debug|x64.ActiveCfg = Debug|Any CPU
		{F45B27C2-162E-4EFD-8165-624F0012A1C1}.Debug|x64.Build.0 = Debug|Any CPU
		{F45B27C2-162E-4EFD-8165-624F0012A1C1}.Debug|x86.ActiveCfg = Debug|Any CPU
		{F45B27C2-162E-4EFD-8165-624F0012A1C1}.Debug|x86.Build.0 = Debug|Any CPU
		{F45B27C2-162E-4EFD-8165-624F0012A1C1}.Release|Any CPU.ActiveCfg = Release|Any CPU
		{F45B27C2-162E-4EFD-8165-624F0012A1C1}.Release|Any CPU.Build.0 = Release|Any CPU
		{F45B27C2-162E-4EFD-8165-624F0012A1C1}.Release|x64.ActiveCfg = Release|Any CPU
		{F45B27C2-162E-4EFD-8165-624F0012A1C1}.Release|x64.Build.0 = Release|Any CPU
		{F45B27C2-162E-4EFD-8165-624F0012A1C1}.Release|x86.ActiveCfg = Release|Any CPU
		{F45B27C2-162E-4EFD-8165-624F0012A1C1}.Release|x86.Build.0 = Release|Any CPU
		{970133D0-1D10-443F-AC3D-464AADCCE954}.Debug|Any CPU.ActiveCfg = Debug|Any CPU
		{970133D0-1D10-443F-AC3D-464AADCCE954}.Debug|Any CPU.Build.0 = Debug|Any CPU
		{970133D0-1D10-443F-AC3D-464AADCCE954}.Debug|x64.ActiveCfg = Debug|Any CPU
		{970133D0-1D10-443F-AC3D-464AADCCE954}.Debug|x64.Build.0 = Debug|Any CPU
		{970133D0-1D10-443F-AC3D-464AADCCE954}.Debug|x86.ActiveCfg = Debug|Any CPU
		{970133D0-1D10-443F-AC3D-464AADCCE954}.Debug|x86.Build.0 = Debug|Any CPU
		{970133D0-1D10-443F-AC3D-464AADCCE954}.Release|Any CPU.ActiveCfg = Release|Any CPU
		{970133D0-1D10-443F-AC3D-464AADCCE954}.Release|Any CPU.Build.0 = Release|Any CPU
		{970133D0-1D10-443F-AC3D-464AADCCE954}.Release|x64.ActiveCfg = Release|Any CPU
		{970133D0-1D10-443F-AC3D-464AADCCE954}.Release|x64.Build.0 = Release|Any CPU
		{970133D0-1D10-443F-AC3D-464AADCCE954}.Release|x86.ActiveCfg = Release|Any CPU
		{970133D0-1D10-443F-AC3D-464AADCCE954}.Release|x86.Build.0 = Release|Any CPU
	EndGlobalSection
	GlobalSection(SolutionProperties) = preSolution
		HideSolutionNode = FALSE
	EndGlobalSection
	GlobalSection(ExtensibilityGlobals) = postSolution
		SolutionGuid = {7590771F-359B-4617-A900-559B21998456}
	EndGlobalSection
EndGlobal
